// !$*UTF8*$!
{
	archiveVersion = 1;
	classes = {
	};
	objectVersion = 46;
	objects = {

/* Begin PBXBuildFile section */
		FE7FA03714E834C800B31FD8 /* sample.png in Resources */ = {isa = PBXBuildFile; fileRef = FE7FA03614E834C800B31FD8 /* sample.png */; };
		FE8B044B14E83146007F6625 /* UIKit.framework in Frameworks */ = {isa = PBXBuildFile; fileRef = FE8B044A14E83146007F6625 /* UIKit.framework */; };
		FE8B044D14E83146007F6625 /* Foundation.framework in Frameworks */ = {isa = PBXBuildFile; fileRef = FE8B044C14E83146007F6625 /* Foundation.framework */; };
		FE8B044F14E83146007F6625 /* CoreGraphics.framework in Frameworks */ = {isa = PBXBuildFile; fileRef = FE8B044E14E83146007F6625 /* CoreGraphics.framework */; };
		FE8B045514E83146007F6625 /* InfoPlist.strings in Resources */ = {isa = PBXBuildFile; fileRef = FE8B045314E83146007F6625 /* InfoPlist.strings */; };
		FE8B045714E83146007F6625 /* main.m in Sources */ = {isa = PBXBuildFile; fileRef = FE8B045614E83146007F6625 /* main.m */; };
		FE8B045B14E83146007F6625 /* AGAppDelegate.m in Sources */ = {isa = PBXBuildFile; fileRef = FE8B045A14E83146007F6625 /* AGAppDelegate.m */; };
		FE8B045E14E83146007F6625 /* AGViewController.m in Sources */ = {isa = PBXBuildFile; fileRef = FE8B045D14E83146007F6625 /* AGViewController.m */; };
		FE8B046114E83146007F6625 /* AGViewController.xib in Resources */ = {isa = PBXBuildFile; fileRef = FE8B045F14E83146007F6625 /* AGViewController.xib */; };
		FE8B046B14E83176007F6625 /* AGMedallionView.m in Sources */ = {isa = PBXBuildFile; fileRef = FE8B046914E83176007F6625 /* AGMedallionView.m */; };
		FE8B046C14E83176007F6625 /* medallionShineMask.png in Resources */ = {isa = PBXBuildFile; fileRef = FE8B046A14E83176007F6625 /* medallionShineMask.png */; };
/* End PBXBuildFile section */

/* Begin PBXFileReference section */
		FE7FA03614E834C800B31FD8 /* sample.png */ = {isa = PBXFileReference; lastKnownFileType = image.png; path = sample.png; sourceTree = "<group>"; };
		FE8B044614E83146007F6625 /* AGMedallionView Demo.app */ = {isa = PBXFileReference; explicitFileType = wrapper.application; includeInIndex = 0; path = "AGMedallionView Demo.app"; sourceTree = BUILT_PRODUCTS_DIR; };
		FE8B044A14E83146007F6625 /* UIKit.framework */ = {isa = PBXFileReference; lastKnownFileType = wrapper.framework; name = UIKit.framework; path = System/Library/Frameworks/UIKit.framework; sourceTree = SDKROOT; };
		FE8B044C14E83146007F6625 /* Foundation.framework */ = {isa = PBXFileReference; lastKnownFileType = wrapper.framework; name = Foundation.framework; path = System/Library/Frameworks/Foundation.framework; sourceTree = SDKROOT; };
		FE8B044E14E83146007F6625 /* CoreGraphics.framework */ = {isa = PBXFileReference; lastKnownFileType = wrapper.framework; name = CoreGraphics.framework; path = System/Library/Frameworks/CoreGraphics.framework; sourceTree = SDKROOT; };
		FE8B045214E83146007F6625 /* AGMedallionView Demo-Info.plist */ = {isa = PBXFileReference; lastKnownFileType = text.plist.xml; path = "AGMedallionView Demo-Info.plist"; sourceTree = "<group>"; };
		FE8B045414E83146007F6625 /* en */ = {isa = PBXFileReference; lastKnownFileType = text.plist.strings; name = en; path = en.lproj/InfoPlist.strings; sourceTree = "<group>"; };
		FE8B045614E83146007F6625 /* main.m */ = {isa = PBXFileReference; lastKnownFileType = sourcecode.c.objc; path = main.m; sourceTree = "<group>"; };
		FE8B045814E83146007F6625 /* AGMedallionView Demo-Prefix.pch */ = {isa = PBXFileReference; lastKnownFileType = sourcecode.c.h; path = "AGMedallionView Demo-Prefix.pch"; sourceTree = "<group>"; };
		FE8B045914E83146007F6625 /* AGAppDelegate.h */ = {isa = PBXFileReference; lastKnownFileType = sourcecode.c.h; path = AGAppDelegate.h; sourceTree = "<group>"; };
		FE8B045A14E83146007F6625 /* AGAppDelegate.m */ = {isa = PBXFileReference; lastKnownFileType = sourcecode.c.objc; path = AGAppDelegate.m; sourceTree = "<group>"; };
		FE8B045C14E83146007F6625 /* AGViewController.h */ = {isa = PBXFileReference; lastKnownFileType = sourcecode.c.h; path = AGViewController.h; sourceTree = "<group>"; };
		FE8B045D14E83146007F6625 /* AGViewController.m */ = {isa = PBXFileReference; lastKnownFileType = sourcecode.c.objc; path = AGViewController.m; sourceTree = "<group>"; };
		FE8B046014E83146007F6625 /* en */ = {isa = PBXFileReference; lastKnownFileType = file.xib; name = en; path = en.lproj/AGViewController.xib; sourceTree = "<group>"; };
		FE8B046814E83176007F6625 /* AGMedallionView.h */ = {isa = PBXFileReference; fileEncoding = 4; lastKnownFileType = sourcecode.c.h; path = AGMedallionView.h; sourceTree = "<group>"; };
		FE8B046914E83176007F6625 /* AGMedallionView.m */ = {isa = PBXFileReference; fileEncoding = 4; lastKnownFileType = sourcecode.c.objc; path = AGMedallionView.m; sourceTree = "<group>"; };
		FE8B046A14E83176007F6625 /* medallionShineMask.png */ = {isa = PBXFileReference; lastKnownFileType = image.png; path = medallionShineMask.png; sourceTree = "<group>"; };
/* End PBXFileReference section */

/* Begin PBXFrameworksBuildPhase section */
		FE8B044314E83146007F6625 /* Frameworks */ = {
			isa = PBXFrameworksBuildPhase;
			buildActionMask = 2147483647;
			files = (
				FE8B044B14E83146007F6625 /* UIKit.framework in Frameworks */,
				FE8B044D14E83146007F6625 /* Foundation.framework in Frameworks */,
				FE8B044F14E83146007F6625 /* CoreGraphics.framework in Frameworks */,
			);
			runOnlyForDeploymentPostprocessing = 0;
		};
/* End PBXFrameworksBuildPhase section */

/* Begin PBXGroup section */
		FE8B043B14E83145007F6625 = {
			isa = PBXGroup;
			children = (
				FE8B046714E83176007F6625 /* Classes */,
				FE8B045014E83146007F6625 /* AGMedallionView Demo */,
				FE8B044914E83146007F6625 /* Frameworks */,
				FE8B044714E83146007F6625 /* Products */,
			);
			sourceTree = "<group>";
		};
		FE8B044714E83146007F6625 /* Products */ = {
			isa = PBXGroup;
			children = (
				FE8B044614E83146007F6625 /* AGMedallionView Demo.app */,
			);
			name = Products;
			sourceTree = "<group>";
		};
		FE8B044914E83146007F6625 /* Frameworks */ = {
			isa = PBXGroup;
			children = (
				FE8B044A14E83146007F6625 /* UIKit.framework */,
				FE8B044C14E83146007F6625 /* Foundation.framework */,
				FE8B044E14E83146007F6625 /* CoreGraphics.framework */,
			);
			name = Frameworks;
			sourceTree = "<group>";
		};
		FE8B045014E83146007F6625 /* AGMedallionView Demo */ = {
			isa = PBXGroup;
			children = (
				FE8B045914E83146007F6625 /* AGAppDelegate.h */,
				FE8B045A14E83146007F6625 /* AGAppDelegate.m */,
				FE8B045C14E83146007F6625 /* AGViewController.h */,
				FE8B045D14E83146007F6625 /* AGViewController.m */,
				FE8B045F14E83146007F6625 /* AGViewController.xib */,
				FE8B045114E83146007F6625 /* Supporting Files */,
			);
			path = "AGMedallionView Demo";
			sourceTree = "<group>";
		};
		FE8B045114E83146007F6625 /* Supporting Files */ = {
			isa = PBXGroup;
			children = (
				FE8B045214E83146007F6625 /* AGMedallionView Demo-Info.plist */,
				FE8B045314E83146007F6625 /* InfoPlist.strings */,
				FE8B045614E83146007F6625 /* main.m */,
				FE8B045814E83146007F6625 /* AGMedallionView Demo-Prefix.pch */,
			);
			name = "Supporting Files";
			sourceTree = "<group>";
		};
		FE8B046714E83176007F6625 /* Classes */ = {
			isa = PBXGroup;
			children = (
				FE7FA03614E834C800B31FD8 /* sample.png */,
				FE8B046814E83176007F6625 /* AGMedallionView.h */,
				FE8B046914E83176007F6625 /* AGMedallionView.m */,
				FE8B046A14E83176007F6625 /* medallionShineMask.png */,
			);
			name = Classes;
			path = ../Classes;
			sourceTree = "<group>";
		};
/* End PBXGroup section */

/* Begin PBXNativeTarget section */
		FE8B044514E83146007F6625 /* AGMedallionView Demo */ = {
			isa = PBXNativeTarget;
			buildConfigurationList = FE8B046414E83146007F6625 /* Build configuration list for PBXNativeTarget "AGMedallionView Demo" */;
			buildPhases = (
				FE8B044214E83146007F6625 /* Sources */,
				FE8B044314E83146007F6625 /* Frameworks */,
				FE8B044414E83146007F6625 /* Resources */,
			);
			buildRules = (
			);
			dependencies = (
			);
			name = "AGMedallionView Demo";
			productName = "AGMedallionView Demo";
			productReference = FE8B044614E83146007F6625 /* AGMedallionView Demo.app */;
			productType = "com.apple.product-type.application";
		};
/* End PBXNativeTarget section */

/* Begin PBXProject section */
		FE8B043D14E83145007F6625 /* Project object */ = {
			isa = PBXProject;
			attributes = {
				LastUpgradeCheck = 0420;
				ORGANIZATIONNAME = "Universitatea \"Babes-Bolyai\"";
			};
			buildConfigurationList = FE8B044014E83145007F6625 /* Build configuration list for PBXProject "AGMedallionView Demo" */;
			compatibilityVersion = "Xcode 3.2";
			developmentRegion = English;
			hasScannedForEncodings = 0;
			knownRegions = (
				en,
			);
			mainGroup = FE8B043B14E83145007F6625;
			productRefGroup = FE8B044714E83146007F6625 /* Products */;
			projectDirPath = "";
			projectRoot = "";
			targets = (
				FE8B044514E83146007F6625 /* AGMedallionView Demo */,
			);
		};
/* End PBXProject section */

/* Begin PBXResourcesBuildPhase section */
		FE8B044414E83146007F6625 /* Resources */ = {
			isa = PBXResourcesBuildPhase;
			buildActionMask = 2147483647;
			files = (
				FE8B045514E83146007F6625 /* InfoPlist.strings in Resources */,
				FE8B046114E83146007F6625 /* AGViewController.xib in Resources */,
				FE8B046C14E83176007F6625 /* medallionShineMask.png in Resources */,
				FE7FA03714E834C800B31FD8 /* sample.png in Resources */,
			);
			runOnlyForDeploymentPostprocessing = 0;
		};
/* End PBXResourcesBuildPhase section */

/* Begin PBXSourcesBuildPhase section */
		FE8B044214E83146007F6625 /* Sources */ = {
			isa = PBXSourcesBuildPhase;
			buildActionMask = 2147483647;
			files = (
				FE8B045714E83146007F6625 /* main.m in Sources */,
				FE8B045B14E83146007F6625 /* AGAppDelegate.m in Sources */,
				FE8B045E14E83146007F6625 /* AGViewController.m in Sources */,
				FE8B046B14E83176007F6625 /* AGMedallionView.m in Sources */,
			);
			runOnlyForDeploymentPostprocessing = 0;
		};
/* End PBXSourcesBuildPhase section */

/* Begin PBXVariantGroup section */
		FE8B045314E83146007F6625 /* InfoPlist.strings */ = {
			isa = PBXVariantGroup;
			children = (
				FE8B045414E83146007F6625 /* en */,
			);
			name = InfoPlist.strings;
			sourceTree = "<group>";
		};
		FE8B045F14E83146007F6625 /* AGViewController.xib */ = {
			isa = PBXVariantGroup;
			children = (
				FE8B046014E83146007F6625 /* en */,
			);
			name = AGViewController.xib;
			sourceTree = "<group>";
		};
/* End PBXVariantGroup section */

/* Begin XCBuildConfiguration section */
		FE8B046214E83146007F6625 /* Debug */ = {
			isa = XCBuildConfiguration;
			buildSettings = {
				ALWAYS_SEARCH_USER_PATHS = NO;
				ARCHS = "$(ARCHS_STANDARD_32_BIT)";
				"CODE_SIGN_IDENTITY[sdk=iphoneos*]" = "iPhone Developer";
				COPY_PHASE_STRIP = NO;
				GCC_C_LANGUAGE_STANDARD = gnu99;
				GCC_DYNAMIC_NO_PIC = NO;
				GCC_OPTIMIZATION_LEVEL = 0;
				GCC_PREPROCESSOR_DEFINITIONS = (
					"DEBUG=1",
					"$(inherited)",
				);
				GCC_SYMBOLS_PRIVATE_EXTERN = NO;
				GCC_VERSION = com.apple.compilers.llvm.clang.1_0;
				GCC_WARN_ABOUT_MISSING_PROTOTYPES = YES;
				GCC_WARN_ABOUT_RETURN_TYPE = YES;
				GCC_WARN_UNUSED_VARIABLE = YES;
				IPHONEOS_DEPLOYMENT_TARGET = 5.0;
				SDKROOT = iphoneos;
			};
			name = Debug;
		};
		FE8B046314E83146007F6625 /* Release */ = {
			isa = XCBuildConfiguration;
			buildSettings = {
				ALWAYS_SEARCH_USER_PATHS = NO;
				ARCHS = "$(ARCHS_STANDARD_32_BIT)";
				"CODE_SIGN_IDENTITY[sdk=iphoneos*]" = "iPhone Developer";
				COPY_PHASE_STRIP = YES;
				GCC_C_LANGUAGE_STANDARD = gnu99;
				GCC_VERSION = com.apple.compilers.llvm.clang.1_0;
				GCC_WARN_ABOUT_MISSING_PROTOTYPES = YES;
				GCC_WARN_ABOUT_RETURN_TYPE = YES;
				GCC_WARN_UNUSED_VARIABLE = YES;
				IPHONEOS_DEPLOYMENT_TARGET = 5.0;
				OTHER_CFLAGS = "-DNS_BLOCK_ASSERTIONS=1";
				SDKROOT = iphoneos;
				VALIDATE_PRODUCT = YES;
			};
			name = Release;
		};
		FE8B046514E83146007F6625 /* Debug */ = {
			isa = XCBuildConfiguration;
			buildSettings = {
				GCC_PRECOMPILE_PREFIX_HEADER = YES;
				GCC_PREFIX_HEADER = "AGMedallionView Demo/AGMedallionView Demo-Prefix.pch";
				INFOPLIST_FILE = "AGMedallionView Demo/AGMedallionView Demo-Info.plist";
				PRODUCT_NAME = "$(TARGET_NAME)";
				WRAPPER_EXTENSION = app;
			};
			name = Debug;
		};
		FE8B046614E83146007F6625 /* Release */ = {
			isa = XCBuildConfiguration;
			buildSettings = {
				GCC_PRECOMPILE_PREFIX_HEADER = YES;
				GCC_PREFIX_HEADER = "AGMedallionView Demo/AGMedallionView Demo-Prefix.pch";
				INFOPLIST_FILE = "AGMedallionView Demo/AGMedallionView Demo-Info.plist";
				PRODUCT_NAME = "$(TARGET_NAME)";
				WRAPPER_EXTENSION = app;
			};
			name = Release;
		};
/* End XCBuildConfiguration section */

/* Begin XCConfigurationList section */
		FE8B044014E83145007F6625 /* Build configuration list for PBXProject "AGMedallionView Demo" */ = {
			isa = XCConfigurationList;
			buildConfigurations = (
				FE8B046214E83146007F6625 /* Debug */,
				FE8B046314E83146007F6625 /* Release */,
			);
			defaultConfigurationIsVisible = 0;
			defaultConfigurationName = Release;
		};
		FE8B046414E83146007F6625 /* Build configuration list for PBXNativeTarget "AGMedallionView Demo" */ = {
			isa = XCConfigurationList;
			buildConfigurations = (
				FE8B046514E83146007F6625 /* Debug */,
				FE8B046614E83146007F6625 /* Release */,
			);
			defaultConfigurationIsVisible = 0;
			defaultConfigurationName = Release;
		};
/* End XCConfigurationList section */
	};
	rootObject = FE8B043D14E83145007F6625 /* Project object */;
}
